// !$*UTF8*$!
{
	archiveVersion = 1;
	classes = {
	};
	objectVersion = 46;
	objects = {

/* Begin PBXBuildFile section */
		538DC4AA1D197AD9007101FC /* AppDelegate.swift in Sources */ = {isa = PBXBuildFile; fileRef = 538DC4A91D197AD9007101FC /* AppDelegate.swift */; };
		538DC4AC1D197AD9007101FC /* ViewController.swift in Sources */ = {isa = PBXBuildFile; fileRef = 538DC4AB1D197AD9007101FC /* ViewController.swift */; };
		538DC4AF1D197AD9007101FC /* Main.storyboard in Resources */ = {isa = PBXBuildFile; fileRef = 538DC4AD1D197AD9007101FC /* Main.storyboard */; };
		538DC4B11D197AD9007101FC /* Assets.xcassets in Resources */ = {isa = PBXBuildFile; fileRef = 538DC4B01D197AD9007101FC /* Assets.xcassets */; };
		538DC4B41D197AD9007101FC /* LaunchScreen.storyboard in Resources */ = {isa = PBXBuildFile; fileRef = 538DC4B21D197AD9007101FC /* LaunchScreen.storyboard */; };
/* End PBXBuildFile section */

/* Begin PBXFileReference section */
		538DC4A61D197AD9007101FC /* FRP.app */ = {isa = PBXFileReference; explicitFileType = wrapper.application; includeInIndex = 0; path = FRP.app; sourceTree = BUILT_PRODUCTS_DIR; };
		538DC4A91D197AD9007101FC /* AppDelegate.swift */ = {isa = PBXFileReference; lastKnownFileType = sourcecode.swift; path = AppDelegate.swift; sourceTree = "<group>"; };
		538DC4AB1D197AD9007101FC /* ViewController.swift */ = {isa = PBXFileReference; lastKnownFileType = sourcecode.swift; path = ViewController.swift; sourceTree = "<group>"; };
		538DC4AE1D197AD9007101FC /* Base */ = {isa = PBXFileReference; lastKnownFileType = file.storyboard; name = Base; path = Base.lproj/Main.storyboard; sourceTree = "<group>"; };
		538DC4B01D197AD9007101FC /* Assets.xcassets */ = {isa = PBXFileReference; lastKnownFileType = folder.assetcatalog; path = Assets.xcassets; sourceTree = "<group>"; };
		538DC4B31D197AD9007101FC /* Base */ = {isa = PBXFileReference; lastKnownFileType = file.storyboard; name = Base; path = Base.lproj/LaunchScreen.storyboard; sourceTree = "<group>"; };
		538DC4B51D197AD9007101FC /* Info.plist */ = {isa = PBXFileReference; lastKnownFileType = text.plist.xml; path = Info.plist; sourceTree = "<group>"; };
/* End PBXFileReference section */

/* Begin PBXFrameworksBuildPhase section */
		538DC4A31D197AD9007101FC /* Frameworks */ = {
			isa = PBXFrameworksBuildPhase;
			buildActionMask = 2147483647;
			files = (
			);
			runOnlyForDeploymentPostprocessing = 0;
		};
/* End PBXFrameworksBuildPhase section */

/* Begin PBXGroup section */
		538DC49D1D197AD9007101FC = {
			isa = PBXGroup;
			children = (
				538DC4A81D197AD9007101FC /* FRP */,
				538DC4A71D197AD9007101FC /* Products */,
			);
			sourceTree = "<group>";
		};
		538DC4A71D197AD9007101FC /* Products */ = {
			isa = PBXGroup;
			children = (
				538DC4A61D197AD9007101FC /* FRP.app */,
			);
			name = Products;
			sourceTree = "<group>";
		};
		538DC4A81D197AD9007101FC /* FRP */ = {
			isa = PBXGroup;
			children = (
				538DC4A91D197AD9007101FC /* AppDelegate.swift */,
				538DC4AB1D197AD9007101FC /* ViewController.swift */,
				538DC4AD1D197AD9007101FC /* Main.storyboard */,
				538DC4B01D197AD9007101FC /* Assets.xcassets */,
				538DC4B21D197AD9007101FC /* LaunchScreen.storyboard */,
				538DC4B51D197AD9007101FC /* Info.plist */,
			);
			path = FRP;
			sourceTree = "<group>";
		};
/* End PBXGroup section */

/* Begin PBXNativeTarget section */
		538DC4A51D197AD9007101FC /* FRP */ = {
			isa = PBXNativeTarget;
			buildConfigurationList = 538DC4B81D197AD9007101FC /* Build configuration list for PBXNativeTarget "FRP" */;
			buildPhases = (
				538DC4A21D197AD9007101FC /* Sources */,
				538DC4A31D197AD9007101FC /* Frameworks */,
				538DC4A41D197AD9007101FC /* Resources */,
			);
			buildRules = (
			);
			dependencies = (
			);
			name = FRP;
			productName = FRP;
			productReference = 538DC4A61D197AD9007101FC /* FRP.app */;
			productType = "com.apple.product-type.application";
		};
/* End PBXNativeTarget section */

/* Begin PBXProject section */
		538DC49E1D197AD9007101FC /* Project object */ = {
			isa = PBXProject;
			attributes = {
				LastSwiftUpdateCheck = 0730;
				LastUpgradeCheck = 0730;
				ORGANIZATIONNAME = "Keith Russell";
				TargetAttributes = {
					538DC4A51D197AD9007101FC = {
						CreatedOnToolsVersion = 7.3.1;
					};
				};
			};
			buildConfigurationList = 538DC4A11D197AD9007101FC /* Build configuration list for PBXProject "FRP" */;
			compatibilityVersion = "Xcode 3.2";
			developmentRegion = English;
			hasScannedForEncodings = 0;
			knownRegions = (
				en,
				Base,
			);
			mainGroup = 538DC49D1D197AD9007101FC;
			productRefGroup = 538DC4A71D197AD9007101FC /* Products */;
			projectDirPath = "";
			projectRoot = "";
			targets = (
				538DC4A51D197AD9007101FC /* FRP */,
			);
		};
/* End PBXProject section */

/* Begin PBXResourcesBuildPhase section */
		538DC4A41D197AD9007101FC /* Resources */ = {
			isa = PBXResourcesBuildPhase;
			buildActionMask = 2147483647;
			files = (
				538DC4B41D197AD9007101FC /* LaunchScreen.storyboard in Resources */,
				538DC4B11D197AD9007101FC /* Assets.xcassets in Resources */,
				538DC4AF1D197AD9007101FC /* Main.storyboard in Resources */,
			);
			runOnlyForDeploymentPostprocessing = 0;
		};
/* End PBXResourcesBuildPhase section */

/* Begin PBXSourcesBuildPhase section */
		538DC4A21D197AD9007101FC /* Sources */ = {
			isa = PBXSourcesBuildPhase;
			buildActionMask = 2147483647;
			files = (
				538DC4AC1D197AD9007101FC /* ViewController.swift in Sources */,
				538DC4AA1D197AD9007101FC /* AppDelegate.swift in Sources */,
			);
			runOnlyForDeploymentPostprocessing = 0;
		};
/* End PBXSourcesBuildPhase section */

/* Begin PBXVariantGroup section */
		538DC4AD1D197AD9007101FC /* Main.storyboard */ = {
			isa = PBXVariantGroup;
			children = (
				538DC4AE1D197AD9007101FC /* Base */,
			);
			name = Main.storyboard;
			sourceTree = "<group>";
		};
		538DC4B21D197AD9007101FC /* LaunchScreen.storyboard */ = {
			isa = PBXVariantGroup;
			children = (
				538DC4B31D197AD9007101FC /* Base */,
			);
			name = LaunchScreen.storyboard;
			sourceTree = "<group>";
		};
/* End PBXVariantGroup section */

/* Begin XCBuildConfiguration section */
		538DC4B61D197AD9007101FC /* Debug */ = {
			isa = XCBuildConfiguration;
			buildSettings = {
				ALWAYS_SEARCH_USER_PATHS = NO;
				CLANG_ANALYZER_NONNULL = YES;
				CLANG_CXX_LANGUAGE_STANDARD = "gnu++0x";
				CLANG_CXX_LIBRARY = "libc++";
				CLANG_ENABLE_MODULES = YES;
				CLANG_ENABLE_OBJC_ARC = YES;
				CLANG_WARN_BOOL_CONVERSION = YES;
				CLANG_WARN_CONSTANT_CONVERSION = YES;
				CLANG_WARN_DIRECT_OBJC_ISA_USAGE = YES_ERROR;
				CLANG_WARN_EMPTY_BODY = YES;
				CLANG_WARN_ENUM_CONVERSION = YES;
				CLANG_WARN_INT_CONVERSION = YES;
				CLANG_WARN_OBJC_ROOT_CLASS = YES_ERROR;
				CLANG_WARN_UNREACHABLE_CODE = YES;
				CLANG_WARN__DUPLICATE_METHOD_MATCH = YES;
				"CODE_SIGN_IDENTITY[sdk=iphoneos*]" = "iPhone Developer";
				COPY_PHASE_STRIP = NO;
				DEBUG_INFORMATION_FORMAT = dwarf;
				ENABLE_STRICT_OBJC_MSGSEND = YES;
				ENABLE_TESTABILITY = YES;
				GCC_C_LANGUAGE_STANDARD = gnu99;
				GCC_DYNAMIC_NO_PIC = NO;
				GCC_NO_COMMON_BLOCKS = YES;
				GCC_OPTIMIZATION_LEVEL = 0;
				GCC_PREPROCESSOR_DEFINITIONS = (
					"DEBUG=1",
					"$(inherited)",
				);
				GCC_WARN_64_TO_32_BIT_CONVERSION = YES;
				GCC_WARN_ABOUT_RETURN_TYPE = YES_ERROR;
				GCC_WARN_UNDECLARED_SELECTOR = YES;
				GCC_WARN_UNINITIALIZED_AUTOS = YES_AGGRESSIVE;
				GCC_WARN_UNUSED_FUNCTION = YES;
				GCC_WARN_UNUSED_VARIABLE = YES;
				IPHONEOS_DEPLOYMENT_TARGET = 9.3;
				MTL_ENABLE_DEBUG_INFO = YES;
				ONLY_ACTIVE_ARCH = YES;
				SDKROOT = iphoneos;
				SWIFT_OPTIMIZATION_LEVEL = "-Onone";
			};
			name = Debug;
		};
		538DC4B71D197AD9007101FC /* Release */ = {
			isa = XCBuildConfiguration;
			buildSettings = {
				ALWAYS_SEARCH_USER_PATHS = NO;
				CLANG_ANALYZER_NONNULL = YES;
				CLANG_CXX_LANGUAGE_STANDARD = "gnu++0x";
				CLANG_CXX_LIBRARY = "libc++";
				CLANG_ENABLE_MODULES = YES;
				CLANG_ENABLE_OBJC_ARC = YES;
				CLANG_WARN_BOOL_CONVERSION = YES;
				CLANG_WARN_CONSTANT_CONVERSION = YES;
				CLANG_WARN_DIRECT_OBJC_ISA_USAGE = YES_ERROR;
				CLANG_WARN_EMPTY_BODY = YES;
				CLANG_WARN_ENUM_CONVERSION = YES;
				CLANG_WARN_INT_CONVERSION = YES;
				CLANG_WARN_OBJC_ROOT_CLASS = YES_ERROR;
				CLANG_WARN_UNREACHABLE_CODE = YES;
				CLANG_WARN__DUPLICATE_METHOD_MATCH = YES;
				"CODE_SIGN_IDENTITY[sdk=iphoneos*]" = "iPhone Developer";
				COPY_PHASE_STRIP = NO;
				DEBUG_INFORMATION_FORMAT = "dwarf-with-dsym";
				ENABLE_NS_ASSERTIONS = NO;
				ENABLE_STRICT_OBJC_MSGSEND = YES;
				GCC_C_LANGUAGE_STANDARD = gnu99;
				GCC_NO_COMMON_BLOCKS = YES;
				GCC_WARN_64_TO_32_BIT_CONVERSION = YES;
				GCC_WARN_ABOUT_RETURN_TYPE = YES_ERROR;
				GCC_WARN_UNDECLARED_SELECTOR = YES;
				GCC_WARN_UNINITIALIZED_AUTOS = YES_AGGRESSIVE;
				GCC_WARN_UNUSED_FUNCTION = YES;
				GCC_WARN_UNUSED_VARIABLE = YES;
				IPHONEOS_DEPLOYMENT_TARGET = 9.3;
				MTL_ENABLE_DEBUG_INFO = NO;
				SDKROOT = iphoneos;
				VALIDATE_PRODUCT = YES;
			};
			name = Release;
		};
		538DC4B91D197AD9007101FC /* Debug */ = {
			isa = XCBuildConfiguration;
			buildSettings = {
				ASSETCATALOG_COMPILER_APPICON_NAME = AppIcon;
				INFOPLIST_FILE = FRP/Info.plist;
				LD_RUNPATH_SEARCH_PATHS = "$(inherited) @executable_path/Frameworks";
				PRODUCT_BUNDLE_IDENTIFIER = russinnova.FRP;
				PRODUCT_NAME = "$(TARGET_NAME)";
			};
			name = Debug;
		};
		538DC4BA1D197AD9007101FC /* Release */ = {
			isa = XCBuildConfiguration;
			buildSettings = {
				ASSETCATALOG_COMPILER_APPICON_NAME = AppIcon;
				INFOPLIST_FILE = FRP/Info.plist;
				LD_RUNPATH_SEARCH_PATHS = "$(inherited) @executable_path/Frameworks";
				PRODUCT_BUNDLE_IDENTIFIER = russinnova.FRP;
				PRODUCT_NAME = "$(TARGET_NAME)";
			};
			name = Release;
		};
/* End XCBuildConfiguration section */

/* Begin XCConfigurationList section */
		538DC4A11D197AD9007101FC /* Build configuration list for PBXProject "FRP" */ = {
			isa = XCConfigurationList;
			buildConfigurations = (
				538DC4B61D197AD9007101FC /* Debug */,
				538DC4B71D197AD9007101FC /* Release */,
			);
			defaultConfigurationIsVisible = 0;
			defaultConfigurationName = Release;
		};
		538DC4B81D197AD9007101FC /* Build configuration list for PBXNativeTarget "FRP" */ = {
			isa = XCConfigurationList;
			buildConfigurations = (
				538DC4B91D197AD9007101FC /* Debug */,
				538DC4BA1D197AD9007101FC /* Release */,
			);
			defaultConfigurationIsVisible = 0;
		};
/* End XCConfigurationList section */
	};
	rootObject = 538DC49E1D197AD9007101FC /* Project object */;
}
